// !$*UTF8*$!
{
	archiveVersion = 1;
	classes = {
	};
	objectVersion = 46;
	objects = {

/* Begin PBXBuildFile section */
		6C87353B1C0CA10C001DDB29 /* AppDelegate.swift in Sources */ = {isa = PBXBuildFile; fileRef = 6C87353A1C0CA10C001DDB29 /* AppDelegate.swift */; };
		6C87353D1C0CA10C001DDB29 /* ViewController.swift in Sources */ = {isa = PBXBuildFile; fileRef = 6C87353C1C0CA10C001DDB29 /* ViewController.swift */; };
		6C8735401C0CA10C001DDB29 /* Main.storyboard in Resources */ = {isa = PBXBuildFile; fileRef = 6C87353E1C0CA10C001DDB29 /* Main.storyboard */; };
		6C8735431C0CA10C001DDB29 /* BreadCrumbs_Working_Copy.xcdatamodeld in Sources */ = {isa = PBXBuildFile; fileRef = 6C8735411C0CA10C001DDB29 /* BreadCrumbs_Working_Copy.xcdatamodeld */; };
		6C8735451C0CA10C001DDB29 /* Assets.xcassets in Resources */ = {isa = PBXBuildFile; fileRef = 6C8735441C0CA10C001DDB29 /* Assets.xcassets */; };
		6C8735481C0CA10C001DDB29 /* LaunchScreen.storyboard in Resources */ = {isa = PBXBuildFile; fileRef = 6C8735461C0CA10C001DDB29 /* LaunchScreen.storyboard */; };
		6C8735531C0CA10C001DDB29 /* BreadCrumbs_Working_CopyTests.swift in Sources */ = {isa = PBXBuildFile; fileRef = 6C8735521C0CA10C001DDB29 /* BreadCrumbs_Working_CopyTests.swift */; };
		6C87355E1C0CA10C001DDB29 /* BreadCrumbs_Working_CopyUITests.swift in Sources */ = {isa = PBXBuildFile; fileRef = 6C87355D1C0CA10C001DDB29 /* BreadCrumbs_Working_CopyUITests.swift */; };
/* End PBXBuildFile section */

/* Begin PBXContainerItemProxy section */
		6C87354F1C0CA10C001DDB29 /* PBXContainerItemProxy */ = {
			isa = PBXContainerItemProxy;
			containerPortal = 6C87352F1C0CA10C001DDB29 /* Project object */;
			proxyType = 1;
			remoteGlobalIDString = 6C8735361C0CA10C001DDB29;
			remoteInfo = "BreadCrumbs Working Copy";
		};
		6C87355A1C0CA10C001DDB29 /* PBXContainerItemProxy */ = {
			isa = PBXContainerItemProxy;
			containerPortal = 6C87352F1C0CA10C001DDB29 /* Project object */;
			proxyType = 1;
			remoteGlobalIDString = 6C8735361C0CA10C001DDB29;
			remoteInfo = "BreadCrumbs Working Copy";
		};
/* End PBXContainerItemProxy section */

/* Begin PBXFileReference section */
		6C8735371C0CA10C001DDB29 /* BreadCrumbs Working Copy.app */ = {isa = PBXFileReference; explicitFileType = wrapper.application; includeInIndex = 0; path = "BreadCrumbs Working Copy.app"; sourceTree = BUILT_PRODUCTS_DIR; };
		6C87353A1C0CA10C001DDB29 /* AppDelegate.swift */ = {isa = PBXFileReference; lastKnownFileType = sourcecode.swift; path = AppDelegate.swift; sourceTree = "<group>"; };
		6C87353C1C0CA10C001DDB29 /* ViewController.swift */ = {isa = PBXFileReference; lastKnownFileType = sourcecode.swift; path = ViewController.swift; sourceTree = "<group>"; };
		6C87353F1C0CA10C001DDB29 /* Base */ = {isa = PBXFileReference; lastKnownFileType = file.storyboard; name = Base; path = Base.lproj/Main.storyboard; sourceTree = "<group>"; };
		6C8735421C0CA10C001DDB29 /* BreadCrumbs_Working_Copy.xcdatamodel */ = {isa = PBXFileReference; lastKnownFileType = wrapper.xcdatamodel; path = BreadCrumbs_Working_Copy.xcdatamodel; sourceTree = "<group>"; };
		6C8735441C0CA10C001DDB29 /* Assets.xcassets */ = {isa = PBXFileReference; lastKnownFileType = folder.assetcatalog; path = Assets.xcassets; sourceTree = "<group>"; };
		6C8735471C0CA10C001DDB29 /* Base */ = {isa = PBXFileReference; lastKnownFileType = file.storyboard; name = Base; path = Base.lproj/LaunchScreen.storyboard; sourceTree = "<group>"; };
		6C8735491C0CA10C001DDB29 /* Info.plist */ = {isa = PBXFileReference; lastKnownFileType = text.plist.xml; path = Info.plist; sourceTree = "<group>"; };
		6C87354E1C0CA10C001DDB29 /* BreadCrumbs Working CopyTests.xctest */ = {isa = PBXFileReference; explicitFileType = wrapper.cfbundle; includeInIndex = 0; path = "BreadCrumbs Working CopyTests.xctest"; sourceTree = BUILT_PRODUCTS_DIR; };
		6C8735521C0CA10C001DDB29 /* BreadCrumbs_Working_CopyTests.swift */ = {isa = PBXFileReference; lastKnownFileType = sourcecode.swift; path = BreadCrumbs_Working_CopyTests.swift; sourceTree = "<group>"; };
		6C8735541C0CA10C001DDB29 /* Info.plist */ = {isa = PBXFileReference; lastKnownFileType = text.plist.xml; path = Info.plist; sourceTree = "<group>"; };
		6C8735591C0CA10C001DDB29 /* BreadCrumbs Working CopyUITests.xctest */ = {isa = PBXFileReference; explicitFileType = wrapper.cfbundle; includeInIndex = 0; path = "BreadCrumbs Working CopyUITests.xctest"; sourceTree = BUILT_PRODUCTS_DIR; };
		6C87355D1C0CA10C001DDB29 /* BreadCrumbs_Working_CopyUITests.swift */ = {isa = PBXFileReference; lastKnownFileType = sourcecode.swift; path = BreadCrumbs_Working_CopyUITests.swift; sourceTree = "<group>"; };
		6C87355F1C0CA10C001DDB29 /* Info.plist */ = {isa = PBXFileReference; lastKnownFileType = text.plist.xml; path = Info.plist; sourceTree = "<group>"; };
/* End PBXFileReference section */

/* Begin PBXFrameworksBuildPhase section */
		6C8735341C0CA10C001DDB29 /* Frameworks */ = {
			isa = PBXFrameworksBuildPhase;
			buildActionMask = 2147483647;
			files = (
			);
			runOnlyForDeploymentPostprocessing = 0;
		};
		6C87354B1C0CA10C001DDB29 /* Frameworks */ = {
			isa = PBXFrameworksBuildPhase;
			buildActionMask = 2147483647;
			files = (
			);
			runOnlyForDeploymentPostprocessing = 0;
		};
		6C8735561C0CA10C001DDB29 /* Frameworks */ = {
			isa = PBXFrameworksBuildPhase;
			buildActionMask = 2147483647;
			files = (
			);
			runOnlyForDeploymentPostprocessing = 0;
		};
/* End PBXFrameworksBuildPhase section */

/* Begin PBXGroup section */
		6C87352E1C0CA10C001DDB29 = {
			isa = PBXGroup;
			children = (
				6C8735391C0CA10C001DDB29 /* BreadCrumbs Working Copy */,
				6C8735511C0CA10C001DDB29 /* BreadCrumbs Working CopyTests */,
				6C87355C1C0CA10C001DDB29 /* BreadCrumbs Working CopyUITests */,
				6C8735381C0CA10C001DDB29 /* Products */,
			);
			sourceTree = "<group>";
		};
		6C8735381C0CA10C001DDB29 /* Products */ = {
			isa = PBXGroup;
			children = (
				6C8735371C0CA10C001DDB29 /* BreadCrumbs Working Copy.app */,
				6C87354E1C0CA10C001DDB29 /* BreadCrumbs Working CopyTests.xctest */,
				6C8735591C0CA10C001DDB29 /* BreadCrumbs Working CopyUITests.xctest */,
			);
			name = Products;
			sourceTree = "<group>";
		};
		6C8735391C0CA10C001DDB29 /* BreadCrumbs Working Copy */ = {
			isa = PBXGroup;
			children = (
				6C87353A1C0CA10C001DDB29 /* AppDelegate.swift */,
				6C87353C1C0CA10C001DDB29 /* ViewController.swift */,
				6C87353E1C0CA10C001DDB29 /* Main.storyboard */,
				6C8735441C0CA10C001DDB29 /* Assets.xcassets */,
				6C8735461C0CA10C001DDB29 /* LaunchScreen.storyboard */,
				6C8735491C0CA10C001DDB29 /* Info.plist */,
				6C8735411C0CA10C001DDB29 /* BreadCrumbs_Working_Copy.xcdatamodeld */,
			);
			path = "BreadCrumbs Working Copy";
			sourceTree = "<group>";
		};
		6C8735511C0CA10C001DDB29 /* BreadCrumbs Working CopyTests */ = {
			isa = PBXGroup;
			children = (
				6C8735521C0CA10C001DDB29 /* BreadCrumbs_Working_CopyTests.swift */,
				6C8735541C0CA10C001DDB29 /* Info.plist */,
			);
			path = "BreadCrumbs Working CopyTests";
			sourceTree = "<group>";
		};
		6C87355C1C0CA10C001DDB29 /* BreadCrumbs Working CopyUITests */ = {
			isa = PBXGroup;
			children = (
				6C87355D1C0CA10C001DDB29 /* BreadCrumbs_Working_CopyUITests.swift */,
				6C87355F1C0CA10C001DDB29 /* Info.plist */,
			);
			path = "BreadCrumbs Working CopyUITests";
			sourceTree = "<group>";
		};
/* End PBXGroup section */

/* Begin PBXNativeTarget section */
		6C8735361C0CA10C001DDB29 /* BreadCrumbs Working Copy */ = {
			isa = PBXNativeTarget;
			buildConfigurationList = 6C8735621C0CA10C001DDB29 /* Build configuration list for PBXNativeTarget "BreadCrumbs Working Copy" */;
			buildPhases = (
				6C8735331C0CA10C001DDB29 /* Sources */,
				6C8735341C0CA10C001DDB29 /* Frameworks */,
				6C8735351C0CA10C001DDB29 /* Resources */,
			);
			buildRules = (
			);
			dependencies = (
			);
			name = "BreadCrumbs Working Copy";
			productName = "BreadCrumbs Working Copy";
			productReference = 6C8735371C0CA10C001DDB29 /* BreadCrumbs Working Copy.app */;
			productType = "com.apple.product-type.application";
		};
		6C87354D1C0CA10C001DDB29 /* BreadCrumbs Working CopyTests */ = {
			isa = PBXNativeTarget;
			buildConfigurationList = 6C8735651C0CA10C001DDB29 /* Build configuration list for PBXNativeTarget "BreadCrumbs Working CopyTests" */;
			buildPhases = (
				6C87354A1C0CA10C001DDB29 /* Sources */,
				6C87354B1C0CA10C001DDB29 /* Frameworks */,
				6C87354C1C0CA10C001DDB29 /* Resources */,
			);
			buildRules = (
			);
			dependencies = (
				6C8735501C0CA10C001DDB29 /* PBXTargetDependency */,
			);
			name = "BreadCrumbs Working CopyTests";
			productName = "BreadCrumbs Working CopyTests";
			productReference = 6C87354E1C0CA10C001DDB29 /* BreadCrumbs Working CopyTests.xctest */;
			productType = "com.apple.product-type.bundle.unit-test";
		};
		6C8735581C0CA10C001DDB29 /* BreadCrumbs Working CopyUITests */ = {
			isa = PBXNativeTarget;
			buildConfigurationList = 6C8735681C0CA10C001DDB29 /* Build configuration list for PBXNativeTarget "BreadCrumbs Working CopyUITests" */;
			buildPhases = (
				6C8735551C0CA10C001DDB29 /* Sources */,
				6C8735561C0CA10C001DDB29 /* Frameworks */,
				6C8735571C0CA10C001DDB29 /* Resources */,
			);
			buildRules = (
			);
			dependencies = (
				6C87355B1C0CA10C001DDB29 /* PBXTargetDependency */,
			);
			name = "BreadCrumbs Working CopyUITests";
			productName = "BreadCrumbs Working CopyUITests";
			productReference = 6C8735591C0CA10C001DDB29 /* BreadCrumbs Working CopyUITests.xctest */;
			productType = "com.apple.product-type.bundle.ui-testing";
		};
/* End PBXNativeTarget section */

/* Begin PBXProject section */
		6C87352F1C0CA10C001DDB29 /* Project object */ = {
			isa = PBXProject;
			attributes = {
				LastSwiftUpdateCheck = 0710;
				LastUpgradeCheck = 0710;
				ORGANIZATIONNAME = "Tavish Peckham";
				TargetAttributes = {
					6C8735361C0CA10C001DDB29 = {
						CreatedOnToolsVersion = 7.1.1;
						DevelopmentTeam = GG6Y6464YU;
					};
					6C87354D1C0CA10C001DDB29 = {
						CreatedOnToolsVersion = 7.1.1;
						DevelopmentTeam = GG6Y6464YU;
						TestTargetID = 6C8735361C0CA10C001DDB29;
					};
					6C8735581C0CA10C001DDB29 = {
						CreatedOnToolsVersion = 7.1.1;
						DevelopmentTeam = GG6Y6464YU;
						TestTargetID = 6C8735361C0CA10C001DDB29;
					};
				};
			};
			buildConfigurationList = 6C8735321C0CA10C001DDB29 /* Build configuration list for PBXProject "BreadCrumbs Working Copy" */;
			compatibilityVersion = "Xcode 3.2";
			developmentRegion = English;
			hasScannedForEncodings = 0;
			knownRegions = (
				en,
				Base,
			);
			mainGroup = 6C87352E1C0CA10C001DDB29;
			productRefGroup = 6C8735381C0CA10C001DDB29 /* Products */;
			projectDirPath = "";
			projectRoot = "";
			targets = (
				6C8735361C0CA10C001DDB29 /* BreadCrumbs Working Copy */,
				6C87354D1C0CA10C001DDB29 /* BreadCrumbs Working CopyTests */,
				6C8735581C0CA10C001DDB29 /* BreadCrumbs Working CopyUITests */,
			);
		};
/* End PBXProject section */

/* Begin PBXResourcesBuildPhase section */
		6C8735351C0CA10C001DDB29 /* Resources */ = {
			isa = PBXResourcesBuildPhase;
			buildActionMask = 2147483647;
			files = (
				6C8735481C0CA10C001DDB29 /* LaunchScreen.storyboard in Resources */,
				6C8735451C0CA10C001DDB29 /* Assets.xcassets in Resources */,
				6C8735401C0CA10C001DDB29 /* Main.storyboard in Resources */,
			);
			runOnlyForDeploymentPostprocessing = 0;
		};
		6C87354C1C0CA10C001DDB29 /* Resources */ = {
			isa = PBXResourcesBuildPhase;
			buildActionMask = 2147483647;
			files = (
			);
			runOnlyForDeploymentPostprocessing = 0;
		};
		6C8735571C0CA10C001DDB29 /* Resources */ = {
			isa = PBXResourcesBuildPhase;
			buildActionMask = 2147483647;
			files = (
			);
			runOnlyForDeploymentPostprocessing = 0;
		};
/* End PBXResourcesBuildPhase section */

/* Begin PBXSourcesBuildPhase section */
		6C8735331C0CA10C001DDB29 /* Sources */ = {
			isa = PBXSourcesBuildPhase;
			buildActionMask = 2147483647;
			files = (
				6C8735431C0CA10C001DDB29 /* BreadCrumbs_Working_Copy.xcdatamodeld in Sources */,
				6C87353D1C0CA10C001DDB29 /* ViewController.swift in Sources */,
				6C87353B1C0CA10C001DDB29 /* AppDelegate.swift in Sources */,
			);
			runOnlyForDeploymentPostprocessing = 0;
		};
		6C87354A1C0CA10C001DDB29 /* Sources */ = {
			isa = PBXSourcesBuildPhase;
			buildActionMask = 2147483647;
			files = (
				6C8735531C0CA10C001DDB29 /* BreadCrumbs_Working_CopyTests.swift in Sources */,
			);
			runOnlyForDeploymentPostprocessing = 0;
		};
		6C8735551C0CA10C001DDB29 /* Sources */ = {
			isa = PBXSourcesBuildPhase;
			buildActionMask = 2147483647;
			files = (
				6C87355E1C0CA10C001DDB29 /* BreadCrumbs_Working_CopyUITests.swift in Sources */,
			);
			runOnlyForDeploymentPostprocessing = 0;
		};
/* End PBXSourcesBuildPhase section */

/* Begin PBXTargetDependency section */
		6C8735501C0CA10C001DDB29 /* PBXTargetDependency */ = {
			isa = PBXTargetDependency;
			target = 6C8735361C0CA10C001DDB29 /* BreadCrumbs Working Copy */;
			targetProxy = 6C87354F1C0CA10C001DDB29 /* PBXContainerItemProxy */;
		};
		6C87355B1C0CA10C001DDB29 /* PBXTargetDependency */ = {
			isa = PBXTargetDependency;
			target = 6C8735361C0CA10C001DDB29 /* BreadCrumbs Working Copy */;
			targetProxy = 6C87355A1C0CA10C001DDB29 /* PBXContainerItemProxy */;
		};
/* End PBXTargetDependency section */

/* Begin PBXVariantGroup section */
		6C87353E1C0CA10C001DDB29 /* Main.storyboard */ = {
			isa = PBXVariantGroup;
			children = (
				6C87353F1C0CA10C001DDB29 /* Base */,
			);
			name = Main.storyboard;
			sourceTree = "<group>";
		};
		6C8735461C0CA10C001DDB29 /* LaunchScreen.storyboard */ = {
			isa = PBXVariantGroup;
			children = (
				6C8735471C0CA10C001DDB29 /* Base */,
			);
			name = LaunchScreen.storyboard;
			sourceTree = "<group>";
		};
/* End PBXVariantGroup section */

/* Begin XCBuildConfiguration section */
		6C8735601C0CA10C001DDB29 /* Debug */ = {
			isa = XCBuildConfiguration;
			buildSettings = {
				ALWAYS_SEARCH_USER_PATHS = NO;
				CLANG_CXX_LANGUAGE_STANDARD = "gnu++0x";
				CLANG_CXX_LIBRARY = "libc++";
				CLANG_ENABLE_MODULES = YES;
				CLANG_ENABLE_OBJC_ARC = YES;
				CLANG_WARN_BOOL_CONVERSION = YES;
				CLANG_WARN_CONSTANT_CONVERSION = YES;
				CLANG_WARN_DIRECT_OBJC_ISA_USAGE = YES_ERROR;
				CLANG_WARN_EMPTY_BODY = YES;
				CLANG_WARN_ENUM_CONVERSION = YES;
				CLANG_WARN_INT_CONVERSION = YES;
				CLANG_WARN_OBJC_ROOT_CLASS = YES_ERROR;
				CLANG_WARN_UNREACHABLE_CODE = YES;
				CLANG_WARN__DUPLICATE_METHOD_MATCH = YES;
				"CODE_SIGN_IDENTITY[sdk=iphoneos*]" = "iPhone Developer";
				COPY_PHASE_STRIP = NO;
				DEBUG_INFORMATION_FORMAT = dwarf;
				ENABLE_STRICT_OBJC_MSGSEND = YES;
				ENABLE_TESTABILITY = YES;
				GCC_C_LANGUAGE_STANDARD = gnu99;
				GCC_DYNAMIC_NO_PIC = NO;
				GCC_NO_COMMON_BLOCKS = YES;
				GCC_OPTIMIZATION_LEVEL = 0;
				GCC_PREPROCESSOR_DEFINITIONS = (
					"DEBUG=1",
					"$(inherited)",
				);
				GCC_WARN_64_TO_32_BIT_CONVERSION = YES;
				GCC_WARN_ABOUT_RETURN_TYPE = YES_ERROR;
				GCC_WARN_UNDECLARED_SELECTOR = YES;
				GCC_WARN_UNINITIALIZED_AUTOS = YES_AGGRESSIVE;
				GCC_WARN_UNUSED_FUNCTION = YES;
				GCC_WARN_UNUSED_VARIABLE = YES;
				IPHONEOS_DEPLOYMENT_TARGET = 9.1;
				MTL_ENABLE_DEBUG_INFO = YES;
				ONLY_ACTIVE_ARCH = YES;
				SDKROOT = iphoneos;
				SWIFT_OPTIMIZATION_LEVEL = "-Onone";
			};
			name = Debug;
		};
		6C8735611C0CA10C001DDB29 /* Release */ = {
			isa = XCBuildConfiguration;
			buildSettings = {
				ALWAYS_SEARCH_USER_PATHS = NO;
				CLANG_CXX_LANGUAGE_STANDARD = "gnu++0x";
				CLANG_CXX_LIBRARY = "libc++";
				CLANG_ENABLE_MODULES = YES;
				CLANG_ENABLE_OBJC_ARC = YES;
				CLANG_WARN_BOOL_CONVERSION = YES;
				CLANG_WARN_CONSTANT_CONVERSION = YES;
				CLANG_WARN_DIRECT_OBJC_ISA_USAGE = YES_ERROR;
				CLANG_WARN_EMPTY_BODY = YES;
				CLANG_WARN_ENUM_CONVERSION = YES;
				CLANG_WARN_INT_CONVERSION = YES;
				CLANG_WARN_OBJC_ROOT_CLASS = YES_ERROR;
				CLANG_WARN_UNREACHABLE_CODE = YES;
				CLANG_WARN__DUPLICATE_METHOD_MATCH = YES;
				"CODE_SIGN_IDENTITY[sdk=iphoneos*]" = "iPhone Developer";
				COPY_PHASE_STRIP = NO;
				DEBUG_INFORMATION_FORMAT = "dwarf-with-dsym";
				ENABLE_NS_ASSERTIONS = NO;
				ENABLE_STRICT_OBJC_MSGSEND = YES;
				GCC_C_LANGUAGE_STANDARD = gnu99;
				GCC_NO_COMMON_BLOCKS = YES;
				GCC_WARN_64_TO_32_BIT_CONVERSION = YES;
				GCC_WARN_ABOUT_RETURN_TYPE = YES_ERROR;
				GCC_WARN_UNDECLARED_SELECTOR = YES;
				GCC_WARN_UNINITIALIZED_AUTOS = YES_AGGRESSIVE;
				GCC_WARN_UNUSED_FUNCTION = YES;
				GCC_WARN_UNUSED_VARIABLE = YES;
				IPHONEOS_DEPLOYMENT_TARGET = 9.1;
				MTL_ENABLE_DEBUG_INFO = NO;
				SDKROOT = iphoneos;
				VALIDATE_PRODUCT = YES;
			};
			name = Release;
		};
		6C8735631C0CA10C001DDB29 /* Debug */ = {
			isa = XCBuildConfiguration;
			buildSettings = {
				ASSETCATALOG_COMPILER_APPICON_NAME = AppIcon;
				INFOPLIST_FILE = "BreadCrumbs Working Copy/Info.plist";
				LD_RUNPATH_SEARCH_PATHS = "$(inherited) @executable_path/Frameworks";
				PRODUCT_BUNDLE_IDENTIFIER = "SJP.BreadCrumbs-Working-Copy";
				PRODUCT_NAME = "$(TARGET_NAME)";
			};
			name = Debug;
		};
		6C8735641C0CA10C001DDB29 /* Release */ = {
			isa = XCBuildConfiguration;
			buildSettings = {
				ASSETCATALOG_COMPILER_APPICON_NAME = AppIcon;
				INFOPLIST_FILE = "BreadCrumbs Working Copy/Info.plist";
				LD_RUNPATH_SEARCH_PATHS = "$(inherited) @executable_path/Frameworks";
				PRODUCT_BUNDLE_IDENTIFIER = "SJP.BreadCrumbs-Working-Copy";
				PRODUCT_NAME = "$(TARGET_NAME)";
			};
			name = Release;
		};
		6C8735661C0CA10C001DDB29 /* Debug */ = {
			isa = XCBuildConfiguration;
			buildSettings = {
				BUNDLE_LOADER = "$(TEST_HOST)";
				INFOPLIST_FILE = "BreadCrumbs Working CopyTests/Info.plist";
				LD_RUNPATH_SEARCH_PATHS = "$(inherited) @executable_path/Frameworks @loader_path/Frameworks";
				PRODUCT_BUNDLE_IDENTIFIER = "SJP.BreadCrumbs-Working-CopyTests";
				PRODUCT_NAME = "$(TARGET_NAME)";
				TEST_HOST = "$(BUILT_PRODUCTS_DIR)/BreadCrumbs Working Copy.app/BreadCrumbs Working Copy";
			};
			name = Debug;
		};
		6C8735671C0CA10C001DDB29 /* Release */ = {
			isa = XCBuildConfiguration;
			buildSettings = {
				BUNDLE_LOADER = "$(TEST_HOST)";
				INFOPLIST_FILE = "BreadCrumbs Working CopyTests/Info.plist";
				LD_RUNPATH_SEARCH_PATHS = "$(inherited) @executable_path/Frameworks @loader_path/Frameworks";
				PRODUCT_BUNDLE_IDENTIFIER = "SJP.BreadCrumbs-Working-CopyTests";
				PRODUCT_NAME = "$(TARGET_NAME)";
				TEST_HOST = "$(BUILT_PRODUCTS_DIR)/BreadCrumbs Working Copy.app/BreadCrumbs Working Copy";
			};
			name = Release;
		};
		6C8735691C0CA10C001DDB29 /* Debug */ = {
			isa = XCBuildConfiguration;
			buildSettings = {
				INFOPLIST_FILE = "BreadCrumbs Working CopyUITests/Info.plist";
				LD_RUNPATH_SEARCH_PATHS = "$(inherited) @executable_path/Frameworks @loader_path/Frameworks";
				PRODUCT_BUNDLE_IDENTIFIER = "SJP.BreadCrumbs-Working-CopyUITests";
				PRODUCT_NAME = "$(TARGET_NAME)";
				TEST_TARGET_NAME = "BreadCrumbs Working Copy";
				USES_XCTRUNNER = YES;
			};
			name = Debug;
		};
		6C87356A1C0CA10C001DDB29 /* Release */ = {
			isa = XCBuildConfiguration;
			buildSettings = {
				INFOPLIST_FILE = "BreadCrumbs Working CopyUITests/Info.plist";
				LD_RUNPATH_SEARCH_PATHS = "$(inherited) @executable_path/Frameworks @loader_path/Frameworks";
				PRODUCT_BUNDLE_IDENTIFIER = "SJP.BreadCrumbs-Working-CopyUITests";
				PRODUCT_NAME = "$(TARGET_NAME)";
				TEST_TARGET_NAME = "BreadCrumbs Working Copy";
				USES_XCTRUNNER = YES;
			};
			name = Release;
		};
/* End XCBuildConfiguration section */

/* Begin XCConfigurationList section */
		6C8735321C0CA10C001DDB29 /* Build configuration list for PBXProject "BreadCrumbs Working Copy" */ = {
			isa = XCConfigurationList;
			buildConfigurations = (
				6C8735601C0CA10C001DDB29 /* Debug */,
				6C8735611C0CA10C001DDB29 /* Release */,
			);
			defaultConfigurationIsVisible = 0;
			defaultConfigurationName = Release;
		};
		6C8735621C0CA10C001DDB29 /* Build configuration list for PBXNativeTarget "BreadCrumbs Working Copy" */ = {
			isa = XCConfigurationList;
			buildConfigurations = (
				6C8735631C0CA10C001DDB29 /* Debug */,
				6C8735641C0CA10C001DDB29 /* Release */,
			);
			defaultConfigurationIsVisible = 0;
		};
		6C8735651C0CA10C001DDB29 /* Build configuration list for PBXNativeTarget "BreadCrumbs Working CopyTests" */ = {
			isa = XCConfigurationList;
			buildConfigurations = (
				6C8735661C0CA10C001DDB29 /* Debug */,
				6C8735671C0CA10C001DDB29 /* Release */,
			);
			defaultConfigurationIsVisible = 0;
		};
		6C8735681C0CA10C001DDB29 /* Build configuration list for PBXNativeTarget "BreadCrumbs Working CopyUITests" */ = {
			isa = XCConfigurationList;
			buildConfigurations = (
				6C8735691C0CA10C001DDB29 /* Debug */,
				6C87356A1C0CA10C001DDB29 /* Release */,
			);
			defaultConfigurationIsVisible = 0;
		};
/* End XCConfigurationList section */

/* Begin XCVersionGroup section */
		6C8735411C0CA10C001DDB29 /* BreadCrumbs_Working_Copy.xcdatamodeld */ = {
			isa = XCVersionGroup;
			children = (
				6C8735421C0CA10C001DDB29 /* BreadCrumbs_Working_Copy.xcdatamodel */,
			);
			currentVersion = 6C8735421C0CA10C001DDB29 /* BreadCrumbs_Working_Copy.xcdatamodel */;
			path = BreadCrumbs_Working_Copy.xcdatamodeld;
			sourceTree = "<group>";
			versionGroupType = wrapper.xcdatamodel;
		};
/* End XCVersionGroup section */
	};
	rootObject = 6C87352F1C0CA10C001DDB29 /* Project object */;
}
